PODS:
  - EstimoteIndoorSDK (2.7.1):
    - EstimoteSDK (~> 4.16.0)
  - EstimoteSDK (4.16.2)

DEPENDENCIES:
  - EstimoteIndoorSDK

SPEC REPOS:
  https://github.com/cocoapods/specs.git:
    - EstimoteIndoorSDK
    - EstimoteSDK

SPEC CHECKSUMS:
  EstimoteIndoorSDK: 53eaf12601b855f1d7eea7ae930d3fb8f66fb71d
  EstimoteSDK: 17d0778be064419dd905f41981f831052f4c19ee

PODFILE CHECKSUM: e69916821ac72808acfe28b4a4ec9b935989f6d5

COCOAPODS: 1.5.3
