// !$*UTF8*$!
{
	archiveVersion = 1;
	classes = {
	};
	objectVersion = 50;
	objects = {

/* Begin PBXBuildFile section */
		8F89B5102129867700AC5D25 /* AppDelegate.swift in Sources */ = {isa = PBXBuildFile; fileRef = 8FE899B621297CB9005717F2 /* AppDelegate.swift */; };
		8FE899B921297CB9005717F2 /* ViewController.swift in Sources */ = {isa = PBXBuildFile; fileRef = 8FE899B821297CB9005717F2 /* ViewController.swift */; };
		8FE899BC21297CB9005717F2 /* Main.storyboard in Resources */ = {isa = PBXBuildFile; fileRef = 8FE899BA21297CB9005717F2 /* Main.storyboard */; };
		8FE899BE21297CBB005717F2 /* Assets.xcassets in Resources */ = {isa = PBXBuildFile; fileRef = 8FE899BD21297CBB005717F2 /* Assets.xcassets */; };
		8FE899C121297CBB005717F2 /* LaunchScreen.storyboard in Resources */ = {isa = PBXBuildFile; fileRef = 8FE899BF21297CBB005717F2 /* LaunchScreen.storyboard */; };
/* End PBXBuildFile section */

/* Begin PBXFileReference section */
		8F6E942E21299E80006F16C7 /* ObjCBridge.h */ = {isa = PBXFileReference; lastKnownFileType = sourcecode.c.h; path = ObjCBridge.h; sourceTree = "<group>"; };
		8FE899B321297CB9005717F2 /* smileIndoor.app */ = {isa = PBXFileReference; explicitFileType = wrapper.application; includeInIndex = 0; path = smileIndoor.app; sourceTree = BUILT_PRODUCTS_DIR; };
		8FE899B621297CB9005717F2 /* AppDelegate.swift */ = {isa = PBXFileReference; lastKnownFileType = sourcecode.swift; path = AppDelegate.swift; sourceTree = "<group>"; };
		8FE899B821297CB9005717F2 /* ViewController.swift */ = {isa = PBXFileReference; lastKnownFileType = sourcecode.swift; path = ViewController.swift; sourceTree = "<group>"; };
		8FE899BB21297CB9005717F2 /* Base */ = {isa = PBXFileReference; lastKnownFileType = file.storyboard; name = Base; path = Base.lproj/Main.storyboard; sourceTree = "<group>"; };
		8FE899BD21297CBB005717F2 /* Assets.xcassets */ = {isa = PBXFileReference; lastKnownFileType = folder.assetcatalog; path = Assets.xcassets; sourceTree = "<group>"; };
		8FE899C021297CBB005717F2 /* Base */ = {isa = PBXFileReference; lastKnownFileType = file.storyboard; name = Base; path = Base.lproj/LaunchScreen.storyboard; sourceTree = "<group>"; };
		8FE899C221297CBB005717F2 /* Info.plist */ = {isa = PBXFileReference; lastKnownFileType = text.plist.xml; path = Info.plist; sourceTree = "<group>"; };
		A711EAD52C19871EE6A8617F /* libPods-smileIndoor.a */ = {isa = PBXFileReference; explicitFileType = archive.ar; includeInIndex = 0; path = "libPods-smileIndoor.a"; sourceTree = BUILT_PRODUCTS_DIR; };
		A82B53548DED43DA00D66F1F /* Pods-smileIndoor.release.xcconfig */ = {isa = PBXFileReference; includeInIndex = 1; lastKnownFileType = text.xcconfig; name = "Pods-smileIndoor.release.xcconfig"; path = "Pods/Target Support Files/Pods-smileIndoor/Pods-smileIndoor.release.xcconfig"; sourceTree = "<group>"; };
		D7196499BAD371B58F04A2E1 /* Pods-smileIndoor.debug.xcconfig */ = {isa = PBXFileReference; includeInIndex = 1; lastKnownFileType = text.xcconfig; name = "Pods-smileIndoor.debug.xcconfig"; path = "Pods/Target Support Files/Pods-smileIndoor/Pods-smileIndoor.debug.xcconfig"; sourceTree = "<group>"; };
/* End PBXFileReference section */

/* Begin PBXFrameworksBuildPhase section */
		8FE899B021297CB9005717F2 /* Frameworks */ = {
			isa = PBXFrameworksBuildPhase;
			buildActionMask = 2147483647;
			files = (
			);
			runOnlyForDeploymentPostprocessing = 0;
		};
/* End PBXFrameworksBuildPhase section */

/* Begin PBXGroup section */
		66868B8827A7662514BD2EA6 /* Frameworks */ = {
			isa = PBXGroup;
			children = (
				A711EAD52C19871EE6A8617F /* libPods-smileIndoor.a */,
			);
			name = Frameworks;
			sourceTree = "<group>";
		};
		8FE899AA21297CB9005717F2 = {
			isa = PBXGroup;
			children = (
				8FE899B521297CB9005717F2 /* smileIndoor */,
				8FE899B421297CB9005717F2 /* Products */,
				E7EF34BF10192209AF19B4BD /* Pods */,
				66868B8827A7662514BD2EA6 /* Frameworks */,
			);
			sourceTree = "<group>";
		};
		8FE899B421297CB9005717F2 /* Products */ = {
			isa = PBXGroup;
			children = (
				8FE899B321297CB9005717F2 /* smileIndoor.app */,
			);
			name = Products;
			sourceTree = "<group>";
		};
		8FE899B521297CB9005717F2 /* smileIndoor */ = {
			isa = PBXGroup;
			children = (
				8F6E942E21299E80006F16C7 /* ObjCBridge.h */,
				8FE899B621297CB9005717F2 /* AppDelegate.swift */,
				8FE899B821297CB9005717F2 /* ViewController.swift */,
				8FE899BA21297CB9005717F2 /* Main.storyboard */,
				8FE899BD21297CBB005717F2 /* Assets.xcassets */,
				8FE899BF21297CBB005717F2 /* LaunchScreen.storyboard */,
				8FE899C221297CBB005717F2 /* Info.plist */,
			);
			path = smileIndoor;
			sourceTree = "<group>";
		};
		E7EF34BF10192209AF19B4BD /* Pods */ = {
			isa = PBXGroup;
			children = (
				D7196499BAD371B58F04A2E1 /* Pods-smileIndoor.debug.xcconfig */,
				A82B53548DED43DA00D66F1F /* Pods-smileIndoor.release.xcconfig */,
			);
			name = Pods;
			sourceTree = "<group>";
		};
/* End PBXGroup section */

/* Begin PBXNativeTarget section */
		8FE899B221297CB9005717F2 /* smileIndoor */ = {
			isa = PBXNativeTarget;
			buildConfigurationList = 8FE899C521297CBB005717F2 /* Build configuration list for PBXNativeTarget "smileIndoor" */;
			buildPhases = (
				0496FDA62B54588C537A6B3D /* [CP] Check Pods Manifest.lock */,
				8FE899AF21297CB9005717F2 /* Sources */,
				8FE899B021297CB9005717F2 /* Frameworks */,
				8FE899B121297CB9005717F2 /* Resources */,
				796AED2C4D8C24DAE54DD117 /* [CP] Copy Pods Resources */,
			);
			buildRules = (
			);
			dependencies = (
			);
			name = smileIndoor;
			productName = smileIndoor;
			productReference = 8FE899B321297CB9005717F2 /* smileIndoor.app */;
			productType = "com.apple.product-type.application";
		};
/* End PBXNativeTarget section */

/* Begin PBXProject section */
		8FE899AB21297CB9005717F2 /* Project object */ = {
			isa = PBXProject;
			attributes = {
				LastSwiftUpdateCheck = 0940;
				LastUpgradeCheck = 0940;
				ORGANIZATIONNAME = jbInc;
				TargetAttributes = {
					8FE899B221297CB9005717F2 = {
						CreatedOnToolsVersion = 9.4.1;
					};
				};
			};
			buildConfigurationList = 8FE899AE21297CB9005717F2 /* Build configuration list for PBXProject "smileIndoor" */;
			compatibilityVersion = "Xcode 9.3";
			developmentRegion = en;
			hasScannedForEncodings = 0;
			knownRegions = (
				en,
				Base,
			);
			mainGroup = 8FE899AA21297CB9005717F2;
			productRefGroup = 8FE899B421297CB9005717F2 /* Products */;
			projectDirPath = "";
			projectRoot = "";
			targets = (
				8FE899B221297CB9005717F2 /* smileIndoor */,
			);
		};
/* End PBXProject section */

/* Begin PBXResourcesBuildPhase section */
		8FE899B121297CB9005717F2 /* Resources */ = {
			isa = PBXResourcesBuildPhase;
			buildActionMask = 2147483647;
			files = (
				8FE899C121297CBB005717F2 /* LaunchScreen.storyboard in Resources */,
				8FE899BE21297CBB005717F2 /* Assets.xcassets in Resources */,
				8FE899BC21297CB9005717F2 /* Main.storyboard in Resources */,
			);
			runOnlyForDeploymentPostprocessing = 0;
		};
/* End PBXResourcesBuildPhase section */

/* Begin PBXShellScriptBuildPhase section */
		0496FDA62B54588C537A6B3D /* [CP] Check Pods Manifest.lock */ = {
			isa = PBXShellScriptBuildPhase;
			buildActionMask = 2147483647;
			files = (
			);
			inputPaths = (
				"${PODS_PODFILE_DIR_PATH}/Podfile.lock",
				"${PODS_ROOT}/Manifest.lock",
			);
			name = "[CP] Check Pods Manifest.lock";
			outputPaths = (
				"$(DERIVED_FILE_DIR)/Pods-smileIndoor-checkManifestLockResult.txt",
			);
			runOnlyForDeploymentPostprocessing = 0;
			shellPath = /bin/sh;
			shellScript = "diff \"${PODS_PODFILE_DIR_PATH}/Podfile.lock\" \"${PODS_ROOT}/Manifest.lock\" > /dev/null\nif [ $? != 0 ] ; then\n    # print error to STDERR\n    echo \"error: The sandbox is not in sync with the Podfile.lock. Run 'pod install' or update your CocoaPods installation.\" >&2\n    exit 1\nfi\n# This output is used by Xcode 'outputs' to avoid re-running this script phase.\necho \"SUCCESS\" > \"${SCRIPT_OUTPUT_FILE_0}\"\n";
			showEnvVarsInLog = 0;
		};
		796AED2C4D8C24DAE54DD117 /* [CP] Copy Pods Resources */ = {
			isa = PBXShellScriptBuildPhase;
			buildActionMask = 2147483647;
			files = (
			);
			inputPaths = (
				"${SRCROOT}/Pods/Target Support Files/Pods-smileIndoor/Pods-smileIndoor-resources.sh",
				"${PODS_ROOT}/EstimoteIndoorSDK/EstimoteIndoorLocationSDK/Resources/avatar.png",
				"${PODS_ROOT}/EstimoteIndoorSDK/EstimoteIndoorLocationSDK/Resources/avatar@2x.png",
				"${PODS_ROOT}/EstimoteIndoorSDK/EstimoteIndoorLocationSDK/Resources/avatar@3x.png",
				"${PODS_ROOT}/EstimoteIndoorSDK/EstimoteIndoorLocationSDK/Resources/avatar_noarrow.png",
				"${PODS_ROOT}/EstimoteIndoorSDK/EstimoteIndoorLocationSDK/Resources/avatar_noarrow@2x.png",
				"${PODS_ROOT}/EstimoteIndoorSDK/EstimoteIndoorLocationSDK/Resources/avatar_noarrow@3x.png",
				"${PODS_ROOT}/EstimoteIndoorSDK/EstimoteIndoorLocationSDK/Resources/beaconBeetrootSmall.png",
				"${PODS_ROOT}/EstimoteIndoorSDK/EstimoteIndoorLocationSDK/Resources/beaconBeetrootSmall@2x.png",
				"${PODS_ROOT}/EstimoteIndoorSDK/EstimoteIndoorLocationSDK/Resources/beaconBeetrootSmall@3x.png",
				"${PODS_ROOT}/EstimoteIndoorSDK/EstimoteIndoorLocationSDK/Resources/beaconBlackSmall.png",
				"${PODS_ROOT}/EstimoteIndoorSDK/EstimoteIndoorLocationSDK/Resources/beaconBlackSmall@2x.png",
				"${PODS_ROOT}/EstimoteIndoorSDK/EstimoteIndoorLocationSDK/Resources/beaconBlackSmall@3x.png",
				"${PODS_ROOT}/EstimoteIndoorSDK/EstimoteIndoorLocationSDK/Resources/beaconBlueberrySmall.png",
				"${PODS_ROOT}/EstimoteIndoorSDK/EstimoteIndoorLocationSDK/Resources/beaconBlueberrySmall@2x.png",
				"${PODS_ROOT}/EstimoteIndoorSDK/EstimoteIndoorLocationSDK/Resources/beaconBlueberrySmall@3x.png",
				"${PODS_ROOT}/EstimoteIndoorSDK/EstimoteIndoorLocationSDK/Resources/beaconCandySmall.png",
				"${PODS_ROOT}/EstimoteIndoorSDK/EstimoteIndoorLocationSDK/Resources/beaconCandySmall@2x.png",
				"${PODS_ROOT}/EstimoteIndoorSDK/EstimoteIndoorLocationSDK/Resources/beaconCandySmall@3x.png",
				"${PODS_ROOT}/EstimoteIndoorSDK/EstimoteIndoorLocationSDK/Resources/beaconGreySmall.png",
				"${PODS_ROOT}/EstimoteIndoorSDK/EstimoteIndoorLocationSDK/Resources/beaconGreySmall@2x.png",
				"${PODS_ROOT}/EstimoteIndoorSDK/EstimoteIndoorLocationSDK/Resources/beaconGreySmall@3x.png",
				"${PODS_ROOT}/EstimoteIndoorSDK/EstimoteIndoorLocationSDK/Resources/beaconIcySmall.png",
				"${PODS_ROOT}/EstimoteIndoorSDK/EstimoteIndoorLocationSDK/Resources/beaconIcySmall@2x.png",
				"${PODS_ROOT}/EstimoteIndoorSDK/EstimoteIndoorLocationSDK/Resources/beaconIcySmall@3x.png",
				"${PODS_ROOT}/EstimoteIndoorSDK/EstimoteIndoorLocationSDK/Resources/beaconLemonSmall.png",
				"${PODS_ROOT}/EstimoteIndoorSDK/EstimoteIndoorLocationSDK/Resources/beaconLemonSmall@2x.png",
				"${PODS_ROOT}/EstimoteIndoorSDK/EstimoteIndoorLocationSDK/Resources/beaconLemonSmall@3x.png",
				"${PODS_ROOT}/EstimoteIndoorSDK/EstimoteIndoorLocationSDK/Resources/beaconMintSmall.png",
				"${PODS_ROOT}/EstimoteIndoorSDK/EstimoteIndoorLocationSDK/Resources/beaconMintSmall@2x.png",
				"${PODS_ROOT}/EstimoteIndoorSDK/EstimoteIndoorLocationSDK/Resources/beaconMintSmall@3x.png",
				"${PODS_ROOT}/EstimoteIndoorSDK/EstimoteIndoorLocationSDK/Resources/beaconTransparentSmall.png",
				"${PODS_ROOT}/EstimoteIndoorSDK/EstimoteIndoorLocationSDK/Resources/beaconTransparentSmall@2x.png",
				"${PODS_ROOT}/EstimoteIndoorSDK/EstimoteIndoorLocationSDK/Resources/beaconTransparentSmall@3x.png",
				"${PODS_ROOT}/EstimoteIndoorSDK/EstimoteIndoorLocationSDK/Resources/beaconWhiteSmall.png",
				"${PODS_ROOT}/EstimoteIndoorSDK/EstimoteIndoorLocationSDK/Resources/beaconWhiteSmall@2x.png",
				"${PODS_ROOT}/EstimoteIndoorSDK/EstimoteIndoorLocationSDK/Resources/beaconWhiteSmall@3x.png",
			);
			name = "[CP] Copy Pods Resources";
			outputPaths = (
				"${TARGET_BUILD_DIR}/${UNLOCALIZED_RESOURCES_FOLDER_PATH}/avatar.png",
				"${TARGET_BUILD_DIR}/${UNLOCALIZED_RESOURCES_FOLDER_PATH}/avatar@2x.png",
				"${TARGET_BUILD_DIR}/${UNLOCALIZED_RESOURCES_FOLDER_PATH}/avatar@3x.png",
				"${TARGET_BUILD_DIR}/${UNLOCALIZED_RESOURCES_FOLDER_PATH}/avatar_noarrow.png",
				"${TARGET_BUILD_DIR}/${UNLOCALIZED_RESOURCES_FOLDER_PATH}/avatar_noarrow@2x.png",
				"${TARGET_BUILD_DIR}/${UNLOCALIZED_RESOURCES_FOLDER_PATH}/avatar_noarrow@3x.png",
				"${TARGET_BUILD_DIR}/${UNLOCALIZED_RESOURCES_FOLDER_PATH}/beaconBeetrootSmall.png",
				"${TARGET_BUILD_DIR}/${UNLOCALIZED_RESOURCES_FOLDER_PATH}/beaconBeetrootSmall@2x.png",
				"${TARGET_BUILD_DIR}/${UNLOCALIZED_RESOURCES_FOLDER_PATH}/beaconBeetrootSmall@3x.png",
				"${TARGET_BUILD_DIR}/${UNLOCALIZED_RESOURCES_FOLDER_PATH}/beaconBlackSmall.png",
				"${TARGET_BUILD_DIR}/${UNLOCALIZED_RESOURCES_FOLDER_PATH}/beaconBlackSmall@2x.png",
				"${TARGET_BUILD_DIR}/${UNLOCALIZED_RESOURCES_FOLDER_PATH}/beaconBlackSmall@3x.png",
				"${TARGET_BUILD_DIR}/${UNLOCALIZED_RESOURCES_FOLDER_PATH}/beaconBlueberrySmall.png",
				"${TARGET_BUILD_DIR}/${UNLOCALIZED_RESOURCES_FOLDER_PATH}/beaconBlueberrySmall@2x.png",
				"${TARGET_BUILD_DIR}/${UNLOCALIZED_RESOURCES_FOLDER_PATH}/beaconBlueberrySmall@3x.png",
				"${TARGET_BUILD_DIR}/${UNLOCALIZED_RESOURCES_FOLDER_PATH}/beaconCandySmall.png",
				"${TARGET_BUILD_DIR}/${UNLOCALIZED_RESOURCES_FOLDER_PATH}/beaconCandySmall@2x.png",
				"${TARGET_BUILD_DIR}/${UNLOCALIZED_RESOURCES_FOLDER_PATH}/beaconCandySmall@3x.png",
				"${TARGET_BUILD_DIR}/${UNLOCALIZED_RESOURCES_FOLDER_PATH}/beaconGreySmall.png",
				"${TARGET_BUILD_DIR}/${UNLOCALIZED_RESOURCES_FOLDER_PATH}/beaconGreySmall@2x.png",
				"${TARGET_BUILD_DIR}/${UNLOCALIZED_RESOURCES_FOLDER_PATH}/beaconGreySmall@3x.png",
				"${TARGET_BUILD_DIR}/${UNLOCALIZED_RESOURCES_FOLDER_PATH}/beaconIcySmall.png",
				"${TARGET_BUILD_DIR}/${UNLOCALIZED_RESOURCES_FOLDER_PATH}/beaconIcySmall@2x.png",
				"${TARGET_BUILD_DIR}/${UNLOCALIZED_RESOURCES_FOLDER_PATH}/beaconIcySmall@3x.png",
				"${TARGET_BUILD_DIR}/${UNLOCALIZED_RESOURCES_FOLDER_PATH}/beaconLemonSmall.png",
				"${TARGET_BUILD_DIR}/${UNLOCALIZED_RESOURCES_FOLDER_PATH}/beaconLemonSmall@2x.png",
				"${TARGET_BUILD_DIR}/${UNLOCALIZED_RESOURCES_FOLDER_PATH}/beaconLemonSmall@3x.png",
				"${TARGET_BUILD_DIR}/${UNLOCALIZED_RESOURCES_FOLDER_PATH}/beaconMintSmall.png",
				"${TARGET_BUILD_DIR}/${UNLOCALIZED_RESOURCES_FOLDER_PATH}/beaconMintSmall@2x.png",
				"${TARGET_BUILD_DIR}/${UNLOCALIZED_RESOURCES_FOLDER_PATH}/beaconMintSmall@3x.png",
				"${TARGET_BUILD_DIR}/${UNLOCALIZED_RESOURCES_FOLDER_PATH}/beaconTransparentSmall.png",
				"${TARGET_BUILD_DIR}/${UNLOCALIZED_RESOURCES_FOLDER_PATH}/beaconTransparentSmall@2x.png",
				"${TARGET_BUILD_DIR}/${UNLOCALIZED_RESOURCES_FOLDER_PATH}/beaconTransparentSmall@3x.png",
				"${TARGET_BUILD_DIR}/${UNLOCALIZED_RESOURCES_FOLDER_PATH}/beaconWhiteSmall.png",
				"${TARGET_BUILD_DIR}/${UNLOCALIZED_RESOURCES_FOLDER_PATH}/beaconWhiteSmall@2x.png",
				"${TARGET_BUILD_DIR}/${UNLOCALIZED_RESOURCES_FOLDER_PATH}/beaconWhiteSmall@3x.png",
			);
			runOnlyForDeploymentPostprocessing = 0;
			shellPath = /bin/sh;
			shellScript = "\"${SRCROOT}/Pods/Target Support Files/Pods-smileIndoor/Pods-smileIndoor-resources.sh\"\n";
			showEnvVarsInLog = 0;
		};
/* End PBXShellScriptBuildPhase section */

/* Begin PBXSourcesBuildPhase section */
		8FE899AF21297CB9005717F2 /* Sources */ = {
			isa = PBXSourcesBuildPhase;
			buildActionMask = 2147483647;
			files = (
				8F89B5102129867700AC5D25 /* AppDelegate.swift in Sources */,
				8FE899B921297CB9005717F2 /* ViewController.swift in Sources */,
			);
			runOnlyForDeploymentPostprocessing = 0;
		};
/* End PBXSourcesBuildPhase section */

/* Begin PBXVariantGroup section */
		8FE899BA21297CB9005717F2 /* Main.storyboard */ = {
			isa = PBXVariantGroup;
			children = (
				8FE899BB21297CB9005717F2 /* Base */,
			);
			name = Main.storyboard;
			sourceTree = "<group>";
		};
		8FE899BF21297CBB005717F2 /* LaunchScreen.storyboard */ = {
			isa = PBXVariantGroup;
			children = (
				8FE899C021297CBB005717F2 /* Base */,
			);
			name = LaunchScreen.storyboard;
			sourceTree = "<group>";
		};
/* End PBXVariantGroup section */

/* Begin XCBuildConfiguration section */
		8FE899C321297CBB005717F2 /* Debug */ = {
			isa = XCBuildConfiguration;
			buildSettings = {
				ALWAYS_SEARCH_USER_PATHS = NO;
				CLANG_ANALYZER_NONNULL = YES;
				CLANG_ANALYZER_NUMBER_OBJECT_CONVERSION = YES_AGGRESSIVE;
				CLANG_CXX_LANGUAGE_STANDARD = "gnu++14";
				CLANG_CXX_LIBRARY = "libc++";
				CLANG_ENABLE_MODULES = YES;
				CLANG_ENABLE_OBJC_ARC = YES;
				CLANG_ENABLE_OBJC_WEAK = YES;
				CLANG_WARN_BLOCK_CAPTURE_AUTORELEASING = YES;
				CLANG_WARN_BOOL_CONVERSION = YES;
				CLANG_WARN_COMMA = YES;
				CLANG_WARN_CONSTANT_CONVERSION = YES;
				CLANG_WARN_DEPRECATED_OBJC_IMPLEMENTATIONS = YES;
				CLANG_WARN_DIRECT_OBJC_ISA_USAGE = YES_ERROR;
				CLANG_WARN_DOCUMENTATION_COMMENTS = YES;
				CLANG_WARN_EMPTY_BODY = YES;
				CLANG_WARN_ENUM_CONVERSION = YES;
				CLANG_WARN_INFINITE_RECURSION = YES;
				CLANG_WARN_INT_CONVERSION = YES;
				CLANG_WARN_NON_LITERAL_NULL_CONVERSION = YES;
				CLANG_WARN_OBJC_IMPLICIT_RETAIN_SELF = YES;
				CLANG_WARN_OBJC_LITERAL_CONVERSION = YES;
				CLANG_WARN_OBJC_ROOT_CLASS = YES_ERROR;
				CLANG_WARN_RANGE_LOOP_ANALYSIS = YES;
				CLANG_WARN_STRICT_PROTOTYPES = YES;
				CLANG_WARN_SUSPICIOUS_MOVE = YES;
				CLANG_WARN_UNGUARDED_AVAILABILITY = YES_AGGRESSIVE;
				CLANG_WARN_UNREACHABLE_CODE = YES;
				CLANG_WARN__DUPLICATE_METHOD_MATCH = YES;
				CODE_SIGN_IDENTITY = "iPhone Developer";
				COPY_PHASE_STRIP = NO;
				DEBUG_INFORMATION_FORMAT = dwarf;
				ENABLE_STRICT_OBJC_MSGSEND = YES;
				ENABLE_TESTABILITY = YES;
				GCC_C_LANGUAGE_STANDARD = gnu11;
				GCC_DYNAMIC_NO_PIC = NO;
				GCC_NO_COMMON_BLOCKS = YES;
				GCC_OPTIMIZATION_LEVEL = 0;
				GCC_PREPROCESSOR_DEFINITIONS = (
					"DEBUG=1",
					"$(inherited)",
				);
				GCC_WARN_64_TO_32_BIT_CONVERSION = YES;
				GCC_WARN_ABOUT_RETURN_TYPE = YES_ERROR;
				GCC_WARN_UNDECLARED_SELECTOR = YES;
				GCC_WARN_UNINITIALIZED_AUTOS = YES_AGGRESSIVE;
				GCC_WARN_UNUSED_FUNCTION = YES;
				GCC_WARN_UNUSED_VARIABLE = YES;
				IPHONEOS_DEPLOYMENT_TARGET = 11.4;
				MTL_ENABLE_DEBUG_INFO = YES;
				ONLY_ACTIVE_ARCH = YES;
				SDKROOT = iphoneos;
				SWIFT_ACTIVE_COMPILATION_CONDITIONS = DEBUG;
				SWIFT_OBJC_BRIDGING_HEADER = "";
				"SWIFT_OBJC_BRIDGING_HEADER[arch=*]" = "";
				SWIFT_OBJC_INTERFACE_HEADER_NAME = "";
				SWIFT_OPTIMIZATION_LEVEL = "-Onone";
				SWIFT_PRECOMPILE_BRIDGING_HEADER = YES;
			};
			name = Debug;
		};
		8FE899C421297CBB005717F2 /* Release */ = {
			isa = XCBuildConfiguration;
			buildSettings = {
				ALWAYS_SEARCH_USER_PATHS = NO;
				CLANG_ANALYZER_NONNULL = YES;
				CLANG_ANALYZER_NUMBER_OBJECT_CONVERSION = YES_AGGRESSIVE;
				CLANG_CXX_LANGUAGE_STANDARD = "gnu++14";
				CLANG_CXX_LIBRARY = "libc++";
				CLANG_ENABLE_MODULES = YES;
				CLANG_ENABLE_OBJC_ARC = YES;
				CLANG_ENABLE_OBJC_WEAK = YES;
				CLANG_WARN_BLOCK_CAPTURE_AUTORELEASING = YES;
				CLANG_WARN_BOOL_CONVERSION = YES;
				CLANG_WARN_COMMA = YES;
				CLANG_WARN_CONSTANT_CONVERSION = YES;
				CLANG_WARN_DEPRECATED_OBJC_IMPLEMENTATIONS = YES;
				CLANG_WARN_DIRECT_OBJC_ISA_USAGE = YES_ERROR;
				CLANG_WARN_DOCUMENTATION_COMMENTS = YES;
				CLANG_WARN_EMPTY_BODY = YES;
				CLANG_WARN_ENUM_CONVERSION = YES;
				CLANG_WARN_INFINITE_RECURSION = YES;
				CLANG_WARN_INT_CONVERSION = YES;
				CLANG_WARN_NON_LITERAL_NULL_CONVERSION = YES;
				CLANG_WARN_OBJC_IMPLICIT_RETAIN_SELF = YES;
				CLANG_WARN_OBJC_LITERAL_CONVERSION = YES;
				CLANG_WARN_OBJC_ROOT_CLASS = YES_ERROR;
				CLANG_WARN_RANGE_LOOP_ANALYSIS = YES;
				CLANG_WARN_STRICT_PROTOTYPES = YES;
				CLANG_WARN_SUSPICIOUS_MOVE = YES;
				CLANG_WARN_UNGUARDED_AVAILABILITY = YES_AGGRESSIVE;
				CLANG_WARN_UNREACHABLE_CODE = YES;
				CLANG_WARN__DUPLICATE_METHOD_MATCH = YES;
				CODE_SIGN_IDENTITY = "iPhone Developer";
				COPY_PHASE_STRIP = NO;
				DEBUG_INFORMATION_FORMAT = "dwarf-with-dsym";
				ENABLE_NS_ASSERTIONS = NO;
				ENABLE_STRICT_OBJC_MSGSEND = YES;
				GCC_C_LANGUAGE_STANDARD = gnu11;
				GCC_NO_COMMON_BLOCKS = YES;
				GCC_WARN_64_TO_32_BIT_CONVERSION = YES;
				GCC_WARN_ABOUT_RETURN_TYPE = YES_ERROR;
				GCC_WARN_UNDECLARED_SELECTOR = YES;
				GCC_WARN_UNINITIALIZED_AUTOS = YES_AGGRESSIVE;
				GCC_WARN_UNUSED_FUNCTION = YES;
				GCC_WARN_UNUSED_VARIABLE = YES;
				IPHONEOS_DEPLOYMENT_TARGET = 11.4;
				MTL_ENABLE_DEBUG_INFO = NO;
				SDKROOT = iphoneos;
				SWIFT_COMPILATION_MODE = wholemodule;
				SWIFT_OBJC_BRIDGING_HEADER = "";
				"SWIFT_OBJC_BRIDGING_HEADER[arch=*]" = "";
				SWIFT_OBJC_INTERFACE_HEADER_NAME = "";
				SWIFT_OPTIMIZATION_LEVEL = "-O";
				SWIFT_PRECOMPILE_BRIDGING_HEADER = YES;
				VALIDATE_PRODUCT = YES;
			};
			name = Release;
		};
		8FE899C621297CBB005717F2 /* Debug */ = {
			isa = XCBuildConfiguration;
			baseConfigurationReference = D7196499BAD371B58F04A2E1 /* Pods-smileIndoor.debug.xcconfig */;
			buildSettings = {
				ASSETCATALOG_COMPILER_APPICON_NAME = AppIcon;
				CODE_SIGN_IDENTITY = "iPhone Developer";
				CODE_SIGN_STYLE = Automatic;
				DEVELOPMENT_TEAM = "";
				INFOPLIST_FILE = smileIndoor/Info.plist;
				LD_RUNPATH_SEARCH_PATHS = (
					"$(inherited)",
					"@executable_path/Frameworks",
				);
				PRODUCT_BUNDLE_IDENTIFIER = jbbonh.smileIndoor;
				PRODUCT_NAME = "$(TARGET_NAME)";
				PROVISIONING_PROFILE_SPECIFIER = "";
				SWIFT_OBJC_BRIDGING_HEADER = "${PROJECT_NAME}/ObjCBridge.h";
				SWIFT_OBJC_INTERFACE_HEADER_NAME = "${PROJECT_NAME}/ObjCBridge.h";
				SWIFT_PRECOMPILE_BRIDGING_HEADER = YES;
				SWIFT_VERSION = 4.0;
				TARGETED_DEVICE_FAMILY = "1,2";
			};
			name = Debug;
		};
		8FE899C721297CBB005717F2 /* Release */ = {
			isa = XCBuildConfiguration;
			baseConfigurationReference = A82B53548DED43DA00D66F1F /* Pods-smileIndoor.release.xcconfig */;
			buildSettings = {
				ASSETCATALOG_COMPILER_APPICON_NAME = AppIcon;
				CODE_SIGN_IDENTITY = "iPhone Developer";
				CODE_SIGN_STYLE = Automatic;
				DEVELOPMENT_TEAM = "";
				INFOPLIST_FILE = smileIndoor/Info.plist;
				LD_RUNPATH_SEARCH_PATHS = (
					"$(inherited)",
					"@executable_path/Frameworks",
				);
				PRODUCT_BUNDLE_IDENTIFIER = jbbonh.smileIndoor;
				PRODUCT_NAME = "$(TARGET_NAME)";
				PROVISIONING_PROFILE_SPECIFIER = "";
				SWIFT_OBJC_BRIDGING_HEADER = "${PROJECT_NAME}/ObjCBridge.h";
				"SWIFT_OBJC_BRIDGING_HEADER[arch=*]" = "";
				SWIFT_OBJC_INTERFACE_HEADER_NAME = "${PROJECT_NAME}/ObjCBridge.h";
				SWIFT_PRECOMPILE_BRIDGING_HEADER = YES;
				SWIFT_VERSION = 4.0;
				TARGETED_DEVICE_FAMILY = "1,2";
			};
			name = Release;
		};
/* End XCBuildConfiguration section */

/* Begin XCConfigurationList section */
		8FE899AE21297CB9005717F2 /* Build configuration list for PBXProject "smileIndoor" */ = {
			isa = XCConfigurationList;
			buildConfigurations = (
				8FE899C321297CBB005717F2 /* Debug */,
				8FE899C421297CBB005717F2 /* Release */,
			);
			defaultConfigurationIsVisible = 0;
			defaultConfigurationName = Release;
		};
		8FE899C521297CBB005717F2 /* Build configuration list for PBXNativeTarget "smileIndoor" */ = {
			isa = XCConfigurationList;
			buildConfigurations = (
				8FE899C621297CBB005717F2 /* Debug */,
				8FE899C721297CBB005717F2 /* Release */,
			);
			defaultConfigurationIsVisible = 0;
			defaultConfigurationName = Release;
		};
/* End XCConfigurationList section */
	};
	rootObject = 8FE899AB21297CB9005717F2 /* Project object */;
}
